
Microsoft Visual Studio Solution File, Format Version 12.00
# Visual Studio Version 16
VisualStudioVersion = 16.0.30225.117
MinimumVisualStudioVersion = 10.0.40219.1
Project("{FAE04EC0-301F-11D3-BF4B-00C04F79EFBC}") = "DI", "DI.csproj", "{EAA5904D-1305-42DA-BEC5-901ED75F034A}"
EndProject
Project("{FAE04EC0-301F-11D3-BF4B-00C04F79EFBC}") = "DIContracts", "..\DIContracts\DIContracts.csproj", "{0BF76D37-A558-4A1E-BC01-E2FE0576793D}"
EndProject
Project("{FAE04EC0-301F-11D3-BF4B-00C04F79EFBC}") = "ValidatorContracts", "..\ValidatorContracts\ValidatorContracts.csproj", "{BEBA40F6-38DE-4FF0-AFB9-945D10E89634}"
EndProject
Project("{FAE04EC0-301F-11D3-BF4B-00C04F79EFBC}") = "ValidatorsImpl", "..\ValidatorsImpl\ValidatorsImpl.csproj", "{C44D4356-4942-43A3-A421-87E9B988FCDE}"
EndProject
Project("{FAE04EC0-301F-11D3-BF4B-00C04F79EFBC}") = "UnitTest", "..\UnitTest\UnitTest.csproj", "{2A316B34-DC7F-4087-8ACD-BEDF5A78E1A1}"
EndProject
Global
	GlobalSection(SolutionConfigurationPlatforms) = preSolution
		Debug|Any CPU = Debug|Any CPU
		Release|Any CPU = Release|Any CPU
	EndGlobalSection
	GlobalSection(ProjectConfigurationPlatforms) = postSolution
		{EAA5904D-1305-42DA-BEC5-901ED75F034A}.Debug|Any CPU.ActiveCfg = Debug|Any CPU
		{EAA5904D-1305-42DA-BEC5-901ED75F034A}.Debug|Any CPU.Build.0 = Debug|Any CPU
		{EAA5904D-1305-42DA-BEC5-901ED75F034A}.Release|Any CPU.ActiveCfg = Release|Any CPU
		{EAA5904D-1305-42DA-BEC5-901ED75F034A}.Release|Any CPU.Build.0 = Release|Any CPU
		{0BF76D37-A558-4A1E-BC01-E2FE0576793D}.Debug|Any CPU.ActiveCfg = Debug|Any CPU
		{0BF76D37-A558-4A1E-BC01-E2FE0576793D}.Debug|Any CPU.Build.0 = Debug|Any CPU
		{0BF76D37-A558-4A1E-BC01-E2FE0576793D}.Release|Any CPU.ActiveCfg = Release|Any CPU
		{0BF76D37-A558-4A1E-BC01-E2FE0576793D}.Release|Any CPU.Build.0 = Release|Any CPU
		{BEBA40F6-38DE-4FF0-AFB9-945D10E89634}.Debug|Any CPU.ActiveCfg = Debug|Any CPU
		{BEBA40F6-38DE-4FF0-AFB9-945D10E89634}.Debug|Any CPU.Build.0 = Debug|Any CPU
		{BEBA40F6-38DE-4FF0-AFB9-945D10E89634}.Release|Any CPU.ActiveCfg = Release|Any CPU
		{BEBA40F6-38DE-4FF0-AFB9-945D10E89634}.Release|Any CPU.Build.0 = Release|Any CPU
		{C44D4356-4942-43A3-A421-87E9B988FCDE}.Debug|Any CPU.ActiveCfg = Debug|Any CPU
		{C44D4356-4942-43A3-A421-87E9B988FCDE}.Debug|Any CPU.Build.0 = Debug|Any CPU
		{C44D4356-4942-43A3-A421-87E9B988FCDE}.Release|Any CPU.ActiveCfg = Release|Any CPU
		{C44D4356-4942-43A3-A421-87E9B988FCDE}.Release|Any CPU.Build.0 = Release|Any CPU
		{2A316B34-DC7F-4087-8ACD-BEDF5A78E1A1}.Debug|Any CPU.ActiveCfg = Debug|Any CPU
		{2A316B34-DC7F-4087-8ACD-BEDF5A78E1A1}.Debug|Any CPU.Build.0 = Debug|Any CPU
		{2A316B34-DC7F-4087-8ACD-BEDF5A78E1A1}.Release|Any CPU.ActiveCfg = Release|Any CPU
		{2A316B34-DC7F-4087-8ACD-BEDF5A78E1A1}.Release|Any CPU.Build.0 = Release|Any CPU
	EndGlobalSection
	GlobalSection(SolutionProperties) = preSolution
		HideSolutionNode = FALSE
	EndGlobalSection
	GlobalSection(ExtensibilityGlobals) = postSolution
		SolutionGuid = {6E24BCD2-9505-4D0D-84EF-D450C7F737BD}
	EndGlobalSection
EndGlobal
